
Microsoft Visual Studio Solution File, Format Version 12.00
# Visual Studio Version 16
VisualStudioVersion = 16.0.30717.126
MinimumVisualStudioVersion = 10.0.40219.1
Project("{FAE04EC0-301F-11D3-BF4B-00C04F79EFBC}") = "Lab12", "Lab12\Lab12.csproj", "{92EE9E29-7D6E-4BDF-86EC-CFED39125136}"
EndProject
Global
	GlobalSection(SolutionConfigurationPlatforms) = preSolution
		Debug|Any CPU = Debug|Any CPU
		Release|Any CPU = Release|Any CPU
	EndGlobalSection
	GlobalSection(ProjectConfigurationPlatforms) = postSolution
		{92EE9E29-7D6E-4BDF-86EC-CFED39125136}.Debug|Any CPU.ActiveCfg = Debug|Any CPU
		{92EE9E29-7D6E-4BDF-86EC-CFED39125136}.Debug|Any CPU.Build.0 = Debug|Any CPU
		{92EE9E29-7D6E-4BDF-86EC-CFED39125136}.Release|Any CPU.ActiveCfg = Release|Any CPU
		{92EE9E29-7D6E-4BDF-86EC-CFED39125136}.Release|Any CPU.Build.0 = Release|Any CPU
	EndGlobalSection
	GlobalSection(SolutionProperties) = preSolution
		HideSolutionNode = FALSE
	EndGlobalSection
	GlobalSection(ExtensibilityGlobals) = postSolution
		SolutionGuid = {FE572D1E-8F96-4D69-A38A-F04328282F69}
	EndGlobalSection
EndGlobal
